// !$*UTF8*$!
{
	archiveVersion = 1;
	classes = {
	};
	objectVersion = 46;
	objects = {

/* Begin PBXBuildFile section */
		641DF8FCE8CA3117708D2CCF /* libPods-LoginModule.a in Frameworks */ = {isa = PBXBuildFile; fileRef = 907F14B06D3A5FD8E5356377 /* libPods-LoginModule.a */; };
		A96BBC5B1D2FE9BF00BF70EC /* main.m in Sources */ = {isa = PBXBuildFile; fileRef = A96BBC5A1D2FE9BF00BF70EC /* main.m */; };
		A96BBC641D2FE9BF00BF70EC /* Main.storyboard in Resources */ = {isa = PBXBuildFile; fileRef = A96BBC621D2FE9BF00BF70EC /* Main.storyboard */; };
		A96BBC661D2FE9BF00BF70EC /* Assets.xcassets in Resources */ = {isa = PBXBuildFile; fileRef = A96BBC651D2FE9BF00BF70EC /* Assets.xcassets */; };
		A96BBC691D2FE9BF00BF70EC /* LaunchScreen.storyboard in Resources */ = {isa = PBXBuildFile; fileRef = A96BBC671D2FE9BF00BF70EC /* LaunchScreen.storyboard */; };
		A96D64E41D3E29B700254E18 /* AppDelegate.m in Sources */ = {isa = PBXBuildFile; fileRef = A96D64E21D3E29B700254E18 /* AppDelegate.m */; };
		A96D64EC1D3E2A3800254E18 /* ViewController.m in Sources */ = {isa = PBXBuildFile; fileRef = A96D64EB1D3E2A3800254E18 /* ViewController.m */; };
		A96D64EF1D3E2A5600254E18 /* login background.png in Resources */ = {isa = PBXBuildFile; fileRef = A96D64EE1D3E2A5600254E18 /* login background.png */; };
		A9AE262B1D40B41F0053CB96 /* Default-568h@2x.png in Resources */ = {isa = PBXBuildFile; fileRef = A9AE262A1D40B41F0053CB96 /* Default-568h@2x.png */; };
		A9AFB88E1D3F69D200B49706 /* GoogleService-Info.plist in Resources */ = {isa = PBXBuildFile; fileRef = A9AFB88D1D3F69D200B49706 /* GoogleService-Info.plist */; };
		A9AFB8911D3F7E8600B49706 /* SignUpViewController.m in Sources */ = {isa = PBXBuildFile; fileRef = A9AFB8901D3F7E8600B49706 /* SignUpViewController.m */; };
		A9F8D2B81D41110600C0074E /* Facebook.png in Resources */ = {isa = PBXBuildFile; fileRef = A9F8D2B11D41110600C0074E /* Facebook.png */; };
		A9F8D2B91D41110600C0074E /* Facebook@2x.png in Resources */ = {isa = PBXBuildFile; fileRef = A9F8D2B21D41110600C0074E /* Facebook@2x.png */; };
		A9F8D2BA1D41110600C0074E /* Facebook@3x.png in Resources */ = {isa = PBXBuildFile; fileRef = A9F8D2B31D41110600C0074E /* Facebook@3x.png */; };
		A9F8D2BB1D41110600C0074E /* Google+.png in Resources */ = {isa = PBXBuildFile; fileRef = A9F8D2B51D41110600C0074E /* Google+.png */; };
		A9F8D2BC1D41110600C0074E /* Google+@2x.png in Resources */ = {isa = PBXBuildFile; fileRef = A9F8D2B61D41110600C0074E /* Google+@2x.png */; };
		A9F8D2BD1D41110600C0074E /* Google+@3x.png in Resources */ = {isa = PBXBuildFile; fileRef = A9F8D2B71D41110600C0074E /* Google+@3x.png */; };
/* End PBXBuildFile section */

/* Begin PBXFileReference section */
		085A023866E3591240CE3744 /* Pods-LoginModule.debug.xcconfig */ = {isa = PBXFileReference; includeInIndex = 1; lastKnownFileType = text.xcconfig; name = "Pods-LoginModule.debug.xcconfig"; path = "Pods/Target Support Files/Pods-LoginModule/Pods-LoginModule.debug.xcconfig"; sourceTree = "<group>"; };
		100FE6170A5B770B1418B552 /* Pods-LoginModule.release.xcconfig */ = {isa = PBXFileReference; includeInIndex = 1; lastKnownFileType = text.xcconfig; name = "Pods-LoginModule.release.xcconfig"; path = "Pods/Target Support Files/Pods-LoginModule/Pods-LoginModule.release.xcconfig"; sourceTree = "<group>"; };
		907F14B06D3A5FD8E5356377 /* libPods-LoginModule.a */ = {isa = PBXFileReference; explicitFileType = archive.ar; includeInIndex = 0; path = "libPods-LoginModule.a"; sourceTree = BUILT_PRODUCTS_DIR; };
		A96BBC561D2FE9BF00BF70EC /* LoginModule.app */ = {isa = PBXFileReference; explicitFileType = wrapper.application; includeInIndex = 0; path = LoginModule.app; sourceTree = BUILT_PRODUCTS_DIR; };
		A96BBC5A1D2FE9BF00BF70EC /* main.m */ = {isa = PBXFileReference; lastKnownFileType = sourcecode.c.objc; path = main.m; sourceTree = "<group>"; };
		A96BBC631D2FE9BF00BF70EC /* Base */ = {isa = PBXFileReference; lastKnownFileType = file.storyboard; name = Base; path = Base.lproj/Main.storyboard; sourceTree = "<group>"; };
		A96BBC651D2FE9BF00BF70EC /* Assets.xcassets */ = {isa = PBXFileReference; lastKnownFileType = folder.assetcatalog; path = Assets.xcassets; sourceTree = "<group>"; };
		A96BBC681D2FE9BF00BF70EC /* Base */ = {isa = PBXFileReference; lastKnownFileType = file.storyboard; name = Base; path = Base.lproj/LaunchScreen.storyboard; sourceTree = "<group>"; };
		A96BBC6A1D2FE9BF00BF70EC /* Info.plist */ = {isa = PBXFileReference; lastKnownFileType = text.plist.xml; path = Info.plist; sourceTree = "<group>"; };
		A96D64E11D3E29B700254E18 /* AppDelegate.h */ = {isa = PBXFileReference; fileEncoding = 4; lastKnownFileType = sourcecode.c.h; path = AppDelegate.h; sourceTree = "<group>"; };
		A96D64E21D3E29B700254E18 /* AppDelegate.m */ = {isa = PBXFileReference; fileEncoding = 4; lastKnownFileType = sourcecode.c.objc; path = AppDelegate.m; sourceTree = "<group>"; };
		A96D64EA1D3E2A3800254E18 /* ViewController.h */ = {isa = PBXFileReference; fileEncoding = 4; lastKnownFileType = sourcecode.c.h; path = ViewController.h; sourceTree = "<group>"; };
		A96D64EB1D3E2A3800254E18 /* ViewController.m */ = {isa = PBXFileReference; fileEncoding = 4; lastKnownFileType = sourcecode.c.objc; path = ViewController.m; sourceTree = "<group>"; };
		A96D64EE1D3E2A5600254E18 /* login background.png */ = {isa = PBXFileReference; lastKnownFileType = image.png; path = "login background.png"; sourceTree = "<group>"; };
		A9AE262A1D40B41F0053CB96 /* Default-568h@2x.png */ = {isa = PBXFileReference; lastKnownFileType = image.png; path = "Default-568h@2x.png"; sourceTree = "<group>"; };
		A9AFB88D1D3F69D200B49706 /* GoogleService-Info.plist */ = {isa = PBXFileReference; fileEncoding = 4; lastKnownFileType = text.plist.xml; path = "GoogleService-Info.plist"; sourceTree = "<group>"; };
		A9AFB88F1D3F7E8600B49706 /* SignUpViewController.h */ = {isa = PBXFileReference; fileEncoding = 4; lastKnownFileType = sourcecode.c.h; path = SignUpViewController.h; sourceTree = "<group>"; };
		A9AFB8901D3F7E8600B49706 /* SignUpViewController.m */ = {isa = PBXFileReference; fileEncoding = 4; lastKnownFileType = sourcecode.c.objc; path = SignUpViewController.m; sourceTree = "<group>"; };
		A9F8D2B11D41110600C0074E /* Facebook.png */ = {isa = PBXFileReference; lastKnownFileType = image.png; path = Facebook.png; sourceTree = "<group>"; };
		A9F8D2B21D41110600C0074E /* Facebook@2x.png */ = {isa = PBXFileReference; lastKnownFileType = image.png; path = "Facebook@2x.png"; sourceTree = "<group>"; };
		A9F8D2B31D41110600C0074E /* Facebook@3x.png */ = {isa = PBXFileReference; lastKnownFileType = image.png; path = "Facebook@3x.png"; sourceTree = "<group>"; };
		A9F8D2B51D41110600C0074E /* Google+.png */ = {isa = PBXFileReference; lastKnownFileType = image.png; path = "Google+.png"; sourceTree = "<group>"; };
		A9F8D2B61D41110600C0074E /* Google+@2x.png */ = {isa = PBXFileReference; lastKnownFileType = image.png; path = "Google+@2x.png"; sourceTree = "<group>"; };
		A9F8D2B71D41110600C0074E /* Google+@3x.png */ = {isa = PBXFileReference; lastKnownFileType = image.png; path = "Google+@3x.png"; sourceTree = "<group>"; };
/* End PBXFileReference section */

/* Begin PBXFrameworksBuildPhase section */
		A96BBC531D2FE9BF00BF70EC /* Frameworks */ = {
			isa = PBXFrameworksBuildPhase;
			buildActionMask = 2147483647;
			files = (
				641DF8FCE8CA3117708D2CCF /* libPods-LoginModule.a in Frameworks */,
			);
			runOnlyForDeploymentPostprocessing = 0;
		};
/* End PBXFrameworksBuildPhase section */

/* Begin PBXGroup section */
		144BC75FAD0EA301676F5CF2 /* Frameworks */ = {
			isa = PBXGroup;
			children = (
				907F14B06D3A5FD8E5356377 /* libPods-LoginModule.a */,
			);
			name = Frameworks;
			sourceTree = "<group>";
		};
		932E403CA087EA1FD81A49EB /* Pods */ = {
			isa = PBXGroup;
			children = (
				085A023866E3591240CE3744 /* Pods-LoginModule.debug.xcconfig */,
				100FE6170A5B770B1418B552 /* Pods-LoginModule.release.xcconfig */,
			);
			name = Pods;
			sourceTree = "<group>";
		};
		A96BBC4D1D2FE9BF00BF70EC = {
			isa = PBXGroup;
			children = (
				A9AE262A1D40B41F0053CB96 /* Default-568h@2x.png */,
				A96D64ED1D3E2A5600254E18 /* Resource */,
				A96D64E91D3E29FE00254E18 /* VcClasses */,
				A96D64E31D3E29B700254E18 /* AppDelegate */,
				A96BBC581D2FE9BF00BF70EC /* LoginModule */,
				A96BBC571D2FE9BF00BF70EC /* Products */,
				932E403CA087EA1FD81A49EB /* Pods */,
				144BC75FAD0EA301676F5CF2 /* Frameworks */,
			);
			sourceTree = "<group>";
		};
		A96BBC571D2FE9BF00BF70EC /* Products */ = {
			isa = PBXGroup;
			children = (
				A96BBC561D2FE9BF00BF70EC /* LoginModule.app */,
			);
			name = Products;
			sourceTree = "<group>";
		};
		A96BBC581D2FE9BF00BF70EC /* LoginModule */ = {
			isa = PBXGroup;
			children = (
				A96BBC621D2FE9BF00BF70EC /* Main.storyboard */,
				A96BBC651D2FE9BF00BF70EC /* Assets.xcassets */,
				A96BBC671D2FE9BF00BF70EC /* LaunchScreen.storyboard */,
				A96BBC6A1D2FE9BF00BF70EC /* Info.plist */,
				A9AFB88D1D3F69D200B49706 /* GoogleService-Info.plist */,
				A96BBC591D2FE9BF00BF70EC /* Supporting Files */,
			);
			path = LoginModule;
			sourceTree = "<group>";
		};
		A96BBC591D2FE9BF00BF70EC /* Supporting Files */ = {
			isa = PBXGroup;
			children = (
				A96BBC5A1D2FE9BF00BF70EC /* main.m */,
			);
			name = "Supporting Files";
			sourceTree = "<group>";
		};
		A96D64E31D3E29B700254E18 /* AppDelegate */ = {
			isa = PBXGroup;
			children = (
				A96D64E11D3E29B700254E18 /* AppDelegate.h */,
				A96D64E21D3E29B700254E18 /* AppDelegate.m */,
			);
			name = AppDelegate;
			path = LoginModule/AppDelegate;
			sourceTree = "<group>";
		};
		A96D64E91D3E29FE00254E18 /* VcClasses */ = {
			isa = PBXGroup;
			children = (
				A96D64EA1D3E2A3800254E18 /* ViewController.h */,
				A96D64EB1D3E2A3800254E18 /* ViewController.m */,
				A9AFB88F1D3F7E8600B49706 /* SignUpViewController.h */,
				A9AFB8901D3F7E8600B49706 /* SignUpViewController.m */,
			);
			name = VcClasses;
			path = LoginModule/VcClasses;
			sourceTree = "<group>";
		};
		A96D64ED1D3E2A5600254E18 /* Resource */ = {
			isa = PBXGroup;
			children = (
				A9F8D2AF1D41110600C0074E /* icons */,
				A96D64EE1D3E2A5600254E18 /* login background.png */,
			);
			name = Resource;
			path = LoginModule/Resource;
			sourceTree = "<group>";
		};
		A9F8D2AF1D41110600C0074E /* icons */ = {
			isa = PBXGroup;
			children = (
				A9F8D2B01D41110600C0074E /* fb */,
				A9F8D2B41D41110600C0074E /* google */,
			);
			path = icons;
			sourceTree = "<group>";
		};
		A9F8D2B01D41110600C0074E /* fb */ = {
			isa = PBXGroup;
			children = (
				A9F8D2B11D41110600C0074E /* Facebook.png */,
				A9F8D2B21D41110600C0074E /* Facebook@2x.png */,
				A9F8D2B31D41110600C0074E /* Facebook@3x.png */,
			);
			path = fb;
			sourceTree = "<group>";
		};
		A9F8D2B41D41110600C0074E /* google */ = {
			isa = PBXGroup;
			children = (
				A9F8D2B51D41110600C0074E /* Google+.png */,
				A9F8D2B61D41110600C0074E /* Google+@2x.png */,
				A9F8D2B71D41110600C0074E /* Google+@3x.png */,
			);
			path = google;
			sourceTree = "<group>";
		};
/* End PBXGroup section */

/* Begin PBXNativeTarget section */
		A96BBC551D2FE9BF00BF70EC /* LoginModule */ = {
			isa = PBXNativeTarget;
			buildConfigurationList = A96BBC6D1D2FE9BF00BF70EC /* Build configuration list for PBXNativeTarget "LoginModule" */;
			buildPhases = (
				5606C4B3789026CB59A8BB67 /* [CP] Check Pods Manifest.lock */,
				A96BBC521D2FE9BF00BF70EC /* Sources */,
				A96BBC531D2FE9BF00BF70EC /* Frameworks */,
				A96BBC541D2FE9BF00BF70EC /* Resources */,
				893C08AAE73FFFD43EBB1D8F /* [CP] Embed Pods Frameworks */,
				FDDEEFDFE31621C29E513F83 /* [CP] Copy Pods Resources */,
			);
			buildRules = (
			);
			dependencies = (
			);
			name = LoginModule;
			productName = LoginModule;
			productReference = A96BBC561D2FE9BF00BF70EC /* LoginModule.app */;
			productType = "com.apple.product-type.application";
		};
/* End PBXNativeTarget section */

/* Begin PBXProject section */
		A96BBC4E1D2FE9BF00BF70EC /* Project object */ = {
			isa = PBXProject;
			attributes = {
				LastUpgradeCheck = 0730;
				ORGANIZATIONNAME = creativeIOS;
				TargetAttributes = {
					A96BBC551D2FE9BF00BF70EC = {
						CreatedOnToolsVersion = 7.3.1;
					};
				};
			};
			buildConfigurationList = A96BBC511D2FE9BF00BF70EC /* Build configuration list for PBXProject "LoginModule" */;
			compatibilityVersion = "Xcode 3.2";
			developmentRegion = English;
			hasScannedForEncodings = 0;
			knownRegions = (
				en,
				Base,
			);
			mainGroup = A96BBC4D1D2FE9BF00BF70EC;
			productRefGroup = A96BBC571D2FE9BF00BF70EC /* Products */;
			projectDirPath = "";
			projectRoot = "";
			targets = (
				A96BBC551D2FE9BF00BF70EC /* LoginModule */,
			);
		};
/* End PBXProject section */

/* Begin PBXResourcesBuildPhase section */
		A96BBC541D2FE9BF00BF70EC /* Resources */ = {
			isa = PBXResourcesBuildPhase;
			buildActionMask = 2147483647;
			files = (
				A96D64EF1D3E2A5600254E18 /* login background.png in Resources */,
				A9F8D2B91D41110600C0074E /* Facebook@2x.png in Resources */,
				A9F8D2B81D41110600C0074E /* Facebook.png in Resources */,
				A96BBC691D2FE9BF00BF70EC /* LaunchScreen.storyboard in Resources */,
				A9F8D2BA1D41110600C0074E /* Facebook@3x.png in Resources */,
				A9F8D2BB1D41110600C0074E /* Google+.png in Resources */,
				A9F8D2BC1D41110600C0074E /* Google+@2x.png in Resources */,
				A9AFB88E1D3F69D200B49706 /* GoogleService-Info.plist in Resources */,
				A9F8D2BD1D41110600C0074E /* Google+@3x.png in Resources */,
				A96BBC661D2FE9BF00BF70EC /* Assets.xcassets in Resources */,
				A96BBC641D2FE9BF00BF70EC /* Main.storyboard in Resources */,
				A9AE262B1D40B41F0053CB96 /* Default-568h@2x.png in Resources */,
			);
			runOnlyForDeploymentPostprocessing = 0;
		};
/* End PBXResourcesBuildPhase section */

/* Begin PBXShellScriptBuildPhase section */
		5606C4B3789026CB59A8BB67 /* [CP] Check Pods Manifest.lock */ = {
			isa = PBXShellScriptBuildPhase;
			buildActionMask = 2147483647;
			files = (
			);
			inputPaths = (
			);
			name = "[CP] Check Pods Manifest.lock";
			outputPaths = (
			);
			runOnlyForDeploymentPostprocessing = 0;
			shellPath = /bin/sh;
			shellScript = "diff \"${PODS_ROOT}/../Podfile.lock\" \"${PODS_ROOT}/Manifest.lock\" > /dev/null\nif [[ $? != 0 ]] ; then\n    cat << EOM\nerror: The sandbox is not in sync with the Podfile.lock. Run 'pod install' or update your CocoaPods installation.\nEOM\n    exit 1\nfi\n";
			showEnvVarsInLog = 0;
		};
		893C08AAE73FFFD43EBB1D8F /* [CP] Embed Pods Frameworks */ = {
			isa = PBXShellScriptBuildPhase;
			buildActionMask = 2147483647;
			files = (
			);
			inputPaths = (
			);
			name = "[CP] Embed Pods Frameworks";
			outputPaths = (
			);
			runOnlyForDeploymentPostprocessing = 0;
			shellPath = /bin/sh;
			shellScript = "\"${SRCROOT}/Pods/Target Support Files/Pods-LoginModule/Pods-LoginModule-frameworks.sh\"\n";
			showEnvVarsInLog = 0;
		};
		FDDEEFDFE31621C29E513F83 /* [CP] Copy Pods Resources */ = {
			isa = PBXShellScriptBuildPhase;
			buildActionMask = 2147483647;
			files = (
			);
			inputPaths = (
			);
			name = "[CP] Copy Pods Resources";
			outputPaths = (
			);
			runOnlyForDeploymentPostprocessing = 0;
			shellPath = /bin/sh;
			shellScript = "\"${SRCROOT}/Pods/Target Support Files/Pods-LoginModule/Pods-LoginModule-resources.sh\"\n";
			showEnvVarsInLog = 0;
		};
/* End PBXShellScriptBuildPhase section */

/* Begin PBXSourcesBuildPhase section */
		A96BBC521D2FE9BF00BF70EC /* Sources */ = {
			isa = PBXSourcesBuildPhase;
			buildActionMask = 2147483647;
			files = (
				A96D64EC1D3E2A3800254E18 /* ViewController.m in Sources */,
				A96BBC5B1D2FE9BF00BF70EC /* main.m in Sources */,
				A9AFB8911D3F7E8600B49706 /* SignUpViewController.m in Sources */,
				A96D64E41D3E29B700254E18 /* AppDelegate.m in Sources */,
			);
			runOnlyForDeploymentPostprocessing = 0;
		};
/* End PBXSourcesBuildPhase section */

/* Begin PBXVariantGroup section */
		A96BBC621D2FE9BF00BF70EC /* Main.storyboard */ = {
			isa = PBXVariantGroup;
			children = (
				A96BBC631D2FE9BF00BF70EC /* Base */,
			);
			name = Main.storyboard;
			sourceTree = "<group>";
		};
		A96BBC671D2FE9BF00BF70EC /* LaunchScreen.storyboard */ = {
			isa = PBXVariantGroup;
			children = (
				A96BBC681D2FE9BF00BF70EC /* Base */,
			);
			name = LaunchScreen.storyboard;
			sourceTree = "<group>";
		};
/* End PBXVariantGroup section */

/* Begin XCBuildConfiguration section */
		A96BBC6B1D2FE9BF00BF70EC /* Debug */ = {
			isa = XCBuildConfiguration;
			buildSettings = {
				ALWAYS_SEARCH_USER_PATHS = NO;
				CLANG_ANALYZER_NONNULL = YES;
				CLANG_CXX_LANGUAGE_STANDARD = "gnu++0x";
				CLANG_CXX_LIBRARY = "libc++";
				CLANG_ENABLE_MODULES = YES;
				CLANG_ENABLE_OBJC_ARC = YES;
				CLANG_WARN_BOOL_CONVERSION = YES;
				CLANG_WARN_CONSTANT_CONVERSION = YES;
				CLANG_WARN_DIRECT_OBJC_ISA_USAGE = YES_ERROR;
				CLANG_WARN_EMPTY_BODY = YES;
				CLANG_WARN_ENUM_CONVERSION = YES;
				CLANG_WARN_INT_CONVERSION = YES;
				CLANG_WARN_OBJC_ROOT_CLASS = YES_ERROR;
				CLANG_WARN_UNREACHABLE_CODE = YES;
				CLANG_WARN__DUPLICATE_METHOD_MATCH = YES;
				"CODE_SIGN_IDENTITY[sdk=iphoneos*]" = "iPhone Developer";
				COPY_PHASE_STRIP = NO;
				DEBUG_INFORMATION_FORMAT = dwarf;
				ENABLE_STRICT_OBJC_MSGSEND = YES;
				ENABLE_TESTABILITY = YES;
				GCC_C_LANGUAGE_STANDARD = gnu99;
				GCC_DYNAMIC_NO_PIC = NO;
				GCC_NO_COMMON_BLOCKS = YES;
				GCC_OPTIMIZATION_LEVEL = 0;
				GCC_PREPROCESSOR_DEFINITIONS = (
					"DEBUG=1",
					"$(inherited)",
				);
				GCC_WARN_64_TO_32_BIT_CONVERSION = YES;
				GCC_WARN_ABOUT_RETURN_TYPE = YES_ERROR;
				GCC_WARN_UNDECLARED_SELECTOR = YES;
				GCC_WARN_UNINITIALIZED_AUTOS = YES_AGGRESSIVE;
				GCC_WARN_UNUSED_FUNCTION = YES;
				GCC_WARN_UNUSED_VARIABLE = YES;
				IPHONEOS_DEPLOYMENT_TARGET = 9.3;
				MTL_ENABLE_DEBUG_INFO = YES;
				ONLY_ACTIVE_ARCH = YES;
				SDKROOT = iphoneos;
			};
			name = Debug;
		};
		A96BBC6C1D2FE9BF00BF70EC /* Release */ = {
			isa = XCBuildConfiguration;
			buildSettings = {
				ALWAYS_SEARCH_USER_PATHS = NO;
				CLANG_ANALYZER_NONNULL = YES;
				CLANG_CXX_LANGUAGE_STANDARD = "gnu++0x";
				CLANG_CXX_LIBRARY = "libc++";
				CLANG_ENABLE_MODULES = YES;
				CLANG_ENABLE_OBJC_ARC = YES;
				CLANG_WARN_BOOL_CONVERSION = YES;
				CLANG_WARN_CONSTANT_CONVERSION = YES;
				CLANG_WARN_DIRECT_OBJC_ISA_USAGE = YES_ERROR;
				CLANG_WARN_EMPTY_BODY = YES;
				CLANG_WARN_ENUM_CONVERSION = YES;
				CLANG_WARN_INT_CONVERSION = YES;
				CLANG_WARN_OBJC_ROOT_CLASS = YES_ERROR;
				CLANG_WARN_UNREACHABLE_CODE = YES;
				CLANG_WARN__DUPLICATE_METHOD_MATCH = YES;
				"CODE_SIGN_IDENTITY[sdk=iphoneos*]" = "iPhone Developer";
				COPY_PHASE_STRIP = NO;
				DEBUG_INFORMATION_FORMAT = "dwarf-with-dsym";
				ENABLE_NS_ASSERTIONS = NO;
				ENABLE_STRICT_OBJC_MSGSEND = YES;
				GCC_C_LANGUAGE_STANDARD = gnu99;
				GCC_NO_COMMON_BLOCKS = YES;
				GCC_WARN_64_TO_32_BIT_CONVERSION = YES;
				GCC_WARN_ABOUT_RETURN_TYPE = YES_ERROR;
				GCC_WARN_UNDECLARED_SELECTOR = YES;
				GCC_WARN_UNINITIALIZED_AUTOS = YES_AGGRESSIVE;
				GCC_WARN_UNUSED_FUNCTION = YES;
				GCC_WARN_UNUSED_VARIABLE = YES;
				IPHONEOS_DEPLOYMENT_TARGET = 9.3;
				MTL_ENABLE_DEBUG_INFO = NO;
				SDKROOT = iphoneos;
				VALIDATE_PRODUCT = YES;
			};
			name = Release;
		};
		A96BBC6E1D2FE9BF00BF70EC /* Debug */ = {
			isa = XCBuildConfiguration;
			baseConfigurationReference = 085A023866E3591240CE3744 /* Pods-LoginModule.debug.xcconfig */;
			buildSettings = {
				ASSETCATALOG_COMPILER_APPICON_NAME = AppIcon;
				INFOPLIST_FILE = LoginModule/Info.plist;
				LD_RUNPATH_SEARCH_PATHS = "$(inherited) @executable_path/Frameworks";
				PRODUCT_BUNDLE_IDENTIFIER = ildc.LoginModule;
				PRODUCT_NAME = "$(TARGET_NAME)";
			};
			name = Debug;
		};
		A96BBC6F1D2FE9BF00BF70EC /* Release */ = {
			isa = XCBuildConfiguration;
			baseConfigurationReference = 100FE6170A5B770B1418B552 /* Pods-LoginModule.release.xcconfig */;
			buildSettings = {
				ASSETCATALOG_COMPILER_APPICON_NAME = AppIcon;
				INFOPLIST_FILE = LoginModule/Info.plist;
				LD_RUNPATH_SEARCH_PATHS = "$(inherited) @executable_path/Frameworks";
				PRODUCT_BUNDLE_IDENTIFIER = ildc.LoginModule;
				PRODUCT_NAME = "$(TARGET_NAME)";
			};
			name = Release;
		};
/* End XCBuildConfiguration section */

/* Begin XCConfigurationList section */
		A96BBC511D2FE9BF00BF70EC /* Build configuration list for PBXProject "LoginModule" */ = {
			isa = XCConfigurationList;
			buildConfigurations = (
				A96BBC6B1D2FE9BF00BF70EC /* Debug */,
				A96BBC6C1D2FE9BF00BF70EC /* Release */,
			);
			defaultConfigurationIsVisible = 0;
			defaultConfigurationName = Release;
		};
		A96BBC6D1D2FE9BF00BF70EC /* Build configuration list for PBXNativeTarget "LoginModule" */ = {
			isa = XCConfigurationList;
			buildConfigurations = (
				A96BBC6E1D2FE9BF00BF70EC /* Debug */,
				A96BBC6F1D2FE9BF00BF70EC /* Release */,
			);
			defaultConfigurationIsVisible = 0;
			defaultConfigurationName = Release;
		};
/* End XCConfigurationList section */
	};
	rootObject = A96BBC4E1D2FE9BF00BF70EC /* Project object */;
}
